
Microsoft Visual Studio Solution File, Format Version 12.00
# Visual Studio 15
VisualStudioVersion = 15.0.28307.1000
MinimumVisualStudioVersion = 10.0.40219.1
Project("{FAE04EC0-301F-11D3-BF4B-00C04F79EFBC}") = "act3", "act3\act3.csproj", "{53D41ED6-62A6-43B1-AE40-C44A116C94D9}"
EndProject
Project("{8BC9CEB8-8B4A-11D0-8D11-00A0C91BC942}") = "week3act1", "..\week3act1\week3act1\week3act1.vcxproj", "{F3D2B678-9C5A-49DE-92F3-890FB438B621}"
EndProject
Global
	GlobalSection(SolutionConfigurationPlatforms) = preSolution
		Debug|Any CPU = Debug|Any CPU
		Debug|x64 = Debug|x64
		Debug|x86 = Debug|x86
		Release|Any CPU = Release|Any CPU
		Release|x64 = Release|x64
		Release|x86 = Release|x86
	EndGlobalSection
	GlobalSection(ProjectConfigurationPlatforms) = postSolution
		{53D41ED6-62A6-43B1-AE40-C44A116C94D9}.Debug|Any CPU.ActiveCfg = Debug|Any CPU
		{53D41ED6-62A6-43B1-AE40-C44A116C94D9}.Debug|Any CPU.Build.0 = Debug|Any CPU
		{53D41ED6-62A6-43B1-AE40-C44A116C94D9}.Debug|x64.ActiveCfg = Debug|Any CPU
		{53D41ED6-62A6-43B1-AE40-C44A116C94D9}.Debug|x64.Build.0 = Debug|Any CPU
		{53D41ED6-62A6-43B1-AE40-C44A116C94D9}.Debug|x86.ActiveCfg = Debug|Any CPU
		{53D41ED6-62A6-43B1-AE40-C44A116C94D9}.Debug|x86.Build.0 = Debug|Any CPU
		{53D41ED6-62A6-43B1-AE40-C44A116C94D9}.Release|Any CPU.ActiveCfg = Release|Any CPU
		{53D41ED6-62A6-43B1-AE40-C44A116C94D9}.Release|Any CPU.Build.0 = Release|Any CPU
		{53D41ED6-62A6-43B1-AE40-C44A116C94D9}.Release|x64.ActiveCfg = Release|Any CPU
		{53D41ED6-62A6-43B1-AE40-C44A116C94D9}.Release|x64.Build.0 = Release|Any CPU
		{53D41ED6-62A6-43B1-AE40-C44A116C94D9}.Release|x86.ActiveCfg = Release|Any CPU
		{53D41ED6-62A6-43B1-AE40-C44A116C94D9}.Release|x86.Build.0 = Release|Any CPU
		{F3D2B678-9C5A-49DE-92F3-890FB438B621}.Debug|Any CPU.ActiveCfg = Debug|Win32
		{F3D2B678-9C5A-49DE-92F3-890FB438B621}.Debug|x64.ActiveCfg = Debug|x64
		{F3D2B678-9C5A-49DE-92F3-890FB438B621}.Debug|x64.Build.0 = Debug|x64
		{F3D2B678-9C5A-49DE-92F3-890FB438B621}.Debug|x86.ActiveCfg = Debug|Win32
		{F3D2B678-9C5A-49DE-92F3-890FB438B621}.Debug|x86.Build.0 = Debug|Win32
		{F3D2B678-9C5A-49DE-92F3-890FB438B621}.Release|Any CPU.ActiveCfg = Release|Win32
		{F3D2B678-9C5A-49DE-92F3-890FB438B621}.Release|x64.ActiveCfg = Release|x64
		{F3D2B678-9C5A-49DE-92F3-890FB438B621}.Release|x64.Build.0 = Release|x64
		{F3D2B678-9C5A-49DE-92F3-890FB438B621}.Release|x86.ActiveCfg = Release|Win32
		{F3D2B678-9C5A-49DE-92F3-890FB438B621}.Release|x86.Build.0 = Release|Win32
	EndGlobalSection
	GlobalSection(SolutionProperties) = preSolution
		HideSolutionNode = FALSE
	EndGlobalSection
	GlobalSection(ExtensibilityGlobals) = postSolution
		SolutionGuid = {3BF3FCD3-54A3-43F8-AD2B-EF622E93D6E7}
	EndGlobalSection
EndGlobal
